
Microsoft Visual Studio Solution File, Format Version 12.00
# Visual Studio Version 16
VisualStudioVersion = 16.0.30204.135
MinimumVisualStudioVersion = 10.0.40219.1
Project("{FAE04EC0-301F-11D3-BF4B-00C04F79EFBC}") = "Auth0HackBackend", "Auth0HackBackend\Auth0HackBackend.csproj", "{18B3C89C-B560-4AD3-BBB4-499EB793FBFB}"
EndProject
Global
	GlobalSection(SolutionConfigurationPlatforms) = preSolution
		Debug|Any CPU = Debug|Any CPU
		Release|Any CPU = Release|Any CPU
	EndGlobalSection
	GlobalSection(ProjectConfigurationPlatforms) = postSolution
		{18B3C89C-B560-4AD3-BBB4-499EB793FBFB}.Debug|Any CPU.ActiveCfg = Debug|Any CPU
		{18B3C89C-B560-4AD3-BBB4-499EB793FBFB}.Debug|Any CPU.Build.0 = Debug|Any CPU
		{18B3C89C-B560-4AD3-BBB4-499EB793FBFB}.Release|Any CPU.ActiveCfg = Release|Any CPU
		{18B3C89C-B560-4AD3-BBB4-499EB793FBFB}.Release|Any CPU.Build.0 = Release|Any CPU
	EndGlobalSection
	GlobalSection(SolutionProperties) = preSolution
		HideSolutionNode = FALSE
	EndGlobalSection
	GlobalSection(ExtensibilityGlobals) = postSolution
		SolutionGuid = {D5F4CC48-A896-4BBA-AECD-538F4163B5E7}
	EndGlobalSection
EndGlobal
